
Microsoft Visual Studio Solution File, Format Version 12.00
# Visual Studio Version 17
VisualStudioVersion = 17.4.33213.308
MinimumVisualStudioVersion = 10.0.40219.1
Project("{FAE04EC0-301F-11D3-BF4B-00C04F79EFBC}") = "WebSec_Lab3", "WebSec_Lab3\WebSec_Lab3.csproj", "{7A7BB597-0E52-4895-89DC-562E49CEF6F5}"
EndProject
Global
	GlobalSection(SolutionConfigurationPlatforms) = preSolution
		Debug|Any CPU = Debug|Any CPU
		Release|Any CPU = Release|Any CPU
	EndGlobalSection
	GlobalSection(ProjectConfigurationPlatforms) = postSolution
		{7A7BB597-0E52-4895-89DC-562E49CEF6F5}.Debug|Any CPU.ActiveCfg = Debug|Any CPU
		{7A7BB597-0E52-4895-89DC-562E49CEF6F5}.Debug|Any CPU.Build.0 = Debug|Any CPU
		{7A7BB597-0E52-4895-89DC-562E49CEF6F5}.Release|Any CPU.ActiveCfg = Release|Any CPU
		{7A7BB597-0E52-4895-89DC-562E49CEF6F5}.Release|Any CPU.Build.0 = Release|Any CPU
	EndGlobalSection
	GlobalSection(SolutionProperties) = preSolution
		HideSolutionNode = FALSE
	EndGlobalSection
	GlobalSection(ExtensibilityGlobals) = postSolution
		SolutionGuid = {A3EDD448-41DD-470E-BCFC-BEF08257BCDB}
	EndGlobalSection
EndGlobal
